{
  "lockfileVersion": 1,
  "workspaces": {
    "": {
      "name": "bun-plugin-workers",
      "dependencies": {
        "@lit-labs/ssr": "^3.3.1",
        "lit": "^3.3.1",
      },
      "devDependencies": {
        "@types/bun": "^1.2.22",
        "@types/node": "^24.5.2",
        "typescript": "^5.8.2",
      },
    },
  },
  "packages": {
    "@lit-labs/ssr": ["@lit-labs/ssr@3.3.1", "", { "dependencies": { "@lit-labs/ssr-client": "^1.1.7", "@lit-labs/ssr-dom-shim": "^1.3.0", "@lit/reactive-element": "^2.0.4", "@parse5/tools": "^0.3.0", "@types/node": "^16.0.0", "enhanced-resolve": "^5.10.0", "lit": "^3.1.2", "lit-element": "^4.0.4", "lit-html": "^3.1.2", "node-fetch": "^3.2.8", "parse5": "^7.1.1" } }, "sha512-JlF1PempxvzrGEpRFrF+Ki0MHzR3HA51SK8Zv0cFpW9p0bPW4k0FeCwrElCu371UEpXF7RcaE2wgYaE1az0XKg=="],

    "@lit-labs/ssr-client": ["@lit-labs/ssr-client@1.1.7", "", { "dependencies": { "@lit/reactive-element": "^2.0.4", "lit": "^3.1.2", "lit-html": "^3.1.2" } }, "sha512-VvqhY/iif3FHrlhkzEPsuX/7h/NqnfxLwVf0p8ghNIlKegRyRqgeaJevZ57s/u/LiFyKgqksRP5n+LmNvpxN+A=="],

    "@lit-labs/ssr-dom-shim": ["@lit-labs/ssr-dom-shim@1.4.0", "", {}, "sha512-ficsEARKnmmW5njugNYKipTm4SFnbik7CXtoencDZzmzo/dQ+2Q0bgkzJuoJP20Aj0F+izzJjOqsnkd6F/o1bw=="],

    "@lit/reactive-element": ["@lit/reactive-element@2.1.1", "", { "dependencies": { "@lit-labs/ssr-dom-shim": "^1.4.0" } }, "sha512-N+dm5PAYdQ8e6UlywyyrgI2t++wFGXfHx+dSJ1oBrg6FAxUj40jId++EaRm80MKX5JnlH1sBsyZ5h0bcZKemCg=="],

    "@parse5/tools": ["@parse5/tools@0.3.0", "", { "dependencies": { "parse5": "^7.0.0" } }, "sha512-zxRyTHkqb7WQMV8kTNBKWb1BeOFUKXBXTBWuxg9H9hfvQB3IwP6Iw2U75Ia5eyRxPNltmY7E8YAlz6zWwUnjKg=="],

    "@types/bun": ["@types/bun@1.2.22", "", { "dependencies": { "bun-types": "1.2.22" } }, "sha512-5A/KrKos2ZcN0c6ljRSOa1fYIyCKhZfIVYeuyb4snnvomnpFqC0tTsEkdqNxbAgExV384OETQ//WAjl3XbYqQA=="],

    "@types/node": ["@types/node@24.5.2", "", { "dependencies": { "undici-types": "~7.12.0" } }, "sha512-FYxk1I7wPv3K2XBaoyH2cTnocQEu8AOZ60hPbsyukMPLv5/5qr7V1i8PLHdl6Zf87I+xZXFvPCXYjiTFq+YSDQ=="],

    "@types/react": ["@types/react@19.1.14", "", { "dependencies": { "csstype": "^3.0.2" } }, "sha512-ukd93VGzaNPMAUPy0gRDSC57UuQbnH9Kussp7HBjM06YFi9uZTFhOvMSO2OKqXm1rSgzOE+pVx1k1PYHGwlc8Q=="],

    "@types/trusted-types": ["@types/trusted-types@2.0.7", "", {}, "sha512-ScaPdn1dQczgbl0QFTeTOmVHFULt394XJgOQNoyVhZ6r2vLnMLJfBPd53SB52T/3G36VI1/g2MZaX0cwDuXsfw=="],

    "bun-types": ["bun-types@1.2.22", "", { "dependencies": { "@types/node": "*" }, "peerDependencies": { "@types/react": "^19" } }, "sha512-hwaAu8tct/Zn6Zft4U9BsZcXkYomzpHJX28ofvx7k0Zz2HNz54n1n+tDgxoWFGB4PcFvJXJQloPhaV2eP3Q6EA=="],

    "csstype": ["csstype@3.1.3", "", {}, "sha512-M1uQkMl8rQK/szD0LNhtqxIPLpimGm8sOBwU7lLnCpSbTyY3yeU1Vc7l4KT5zT4s/yOxHH5O7tIuuLOCnLADRw=="],

    "data-uri-to-buffer": ["data-uri-to-buffer@4.0.1", "", {}, "sha512-0R9ikRb668HB7QDxT1vkpuUBtqc53YyAwMwGeUFKRojY/NWKvdZ+9UYtRfGmhqNbRkTSVpMbmyhXipFFv2cb/A=="],

    "enhanced-resolve": ["enhanced-resolve@5.18.3", "", { "dependencies": { "graceful-fs": "^4.2.4", "tapable": "^2.2.0" } }, "sha512-d4lC8xfavMeBjzGr2vECC3fsGXziXZQyJxD868h2M/mBI3PwAuODxAkLkq5HYuvrPYcUtiLzsTo8U3PgX3Ocww=="],

    "entities": ["entities@6.0.1", "", {}, "sha512-aN97NXWF6AWBTahfVOIrB/NShkzi5H7F9r1s9mD3cDj4Ko5f2qhhVoYMibXF7GlLveb/D2ioWay8lxI97Ven3g=="],

    "fetch-blob": ["fetch-blob@3.2.0", "", { "dependencies": { "node-domexception": "^1.0.0", "web-streams-polyfill": "^3.0.3" } }, "sha512-7yAQpD2UMJzLi1Dqv7qFYnPbaPx7ZfFK6PiIxQ4PfkGPyNyl2Ugx+a/umUonmKqjhM4DnfbMvdX6otXq83soQQ=="],

    "formdata-polyfill": ["formdata-polyfill@4.0.10", "", { "dependencies": { "fetch-blob": "^3.1.2" } }, "sha512-buewHzMvYL29jdeQTVILecSaZKnt/RJWjoZCF5OW60Z67/GmSLBkOFM7qh1PI3zFNtJbaZL5eQu1vLfazOwj4g=="],

    "graceful-fs": ["graceful-fs@4.2.11", "", {}, "sha512-RbJ5/jmFcNNCcDV5o9eTnBLJ/HszWV0P73bc+Ff4nS/rJj+YaS6IGyiOL0VoBYX+l1Wrl3k63h/KrH+nhJ0XvQ=="],

    "lit": ["lit@3.3.1", "", { "dependencies": { "@lit/reactive-element": "^2.1.0", "lit-element": "^4.2.0", "lit-html": "^3.3.0" } }, "sha512-Ksr/8L3PTapbdXJCk+EJVB78jDodUMaP54gD24W186zGRARvwrsPfS60wae/SSCTCNZVPd1chXqio1qHQmu4NA=="],

    "lit-element": ["lit-element@4.2.1", "", { "dependencies": { "@lit-labs/ssr-dom-shim": "^1.4.0", "@lit/reactive-element": "^2.1.0", "lit-html": "^3.3.0" } }, "sha512-WGAWRGzirAgyphK2urmYOV72tlvnxw7YfyLDgQ+OZnM9vQQBQnumQ7jUJe6unEzwGU3ahFOjuz1iz1jjrpCPuw=="],

    "lit-html": ["lit-html@3.3.1", "", { "dependencies": { "@types/trusted-types": "^2.0.2" } }, "sha512-S9hbyDu/vs1qNrithiNyeyv64c9yqiW9l+DBgI18fL+MTvOtWoFR0FWiyq1TxaYef5wNlpEmzlXoBlZEO+WjoA=="],

    "node-domexception": ["node-domexception@1.0.0", "", {}, "sha512-/jKZoMpw0F8GRwl4/eLROPA3cfcXtLApP0QzLmUT/HuPCZWyB7IY9ZrMeKw2O/nFIqPQB3PVM9aYm0F312AXDQ=="],

    "node-fetch": ["node-fetch@3.3.2", "", { "dependencies": { "data-uri-to-buffer": "^4.0.0", "fetch-blob": "^3.1.4", "formdata-polyfill": "^4.0.10" } }, "sha512-dRB78srN/l6gqWulah9SrxeYnxeddIG30+GOqK/9OlLVyLg3HPnr6SqOWTWOXKRwC2eGYCkZ59NNuSgvSrpgOA=="],

    "parse5": ["parse5@7.3.0", "", { "dependencies": { "entities": "^6.0.0" } }, "sha512-IInvU7fabl34qmi9gY8XOVxhYyMyuH2xUNpb2q8/Y+7552KlejkRvqvD19nMoUW/uQGGbqNpA6Tufu5FL5BZgw=="],

    "tapable": ["tapable@2.2.3", "", {}, "sha512-ZL6DDuAlRlLGghwcfmSn9sK3Hr6ArtyudlSAiCqQ6IfE+b+HHbydbYDIG15IfS5do+7XQQBdBiubF/cV2dnDzg=="],

    "typescript": ["typescript@5.9.2", "", { "bin": { "tsc": "bin/tsc", "tsserver": "bin/tsserver" } }, "sha512-CWBzXQrc/qOkhidw1OzBTQuYRbfyxDXJMVJ1XNwUHGROVmuaeiEm3OslpZ1RV96d7SKKjZKrSJu3+t/xlw3R9A=="],

    "undici-types": ["undici-types@7.12.0", "", {}, "sha512-goOacqME2GYyOZZfb5Lgtu+1IDmAlAEu5xnD3+xTzS10hT0vzpf0SPjkXwAw9Jm+4n/mQGDP3LO8CPbYROeBfQ=="],

    "web-streams-polyfill": ["web-streams-polyfill@3.3.3", "", {}, "sha512-d2JWLCivmZYTSIoge9MsgFCZrt571BikcWGYkjC1khllbTeDlGqZ2D8vD8E/lJa8WGWbb7Plm8/XJYV7IJHZZw=="],

    "@lit-labs/ssr/@types/node": ["@types/node@16.18.126", "", {}, "sha512-OTcgaiwfGFBKacvfwuHzzn1KLxH/er8mluiy8/uM3sGXHaRe73RrSIj01jow9t4kJEW633Ov+cOexXeiApTyAw=="],

    "bun-types/@types/node": ["@types/node@16.18.126", "", {}, "sha512-OTcgaiwfGFBKacvfwuHzzn1KLxH/er8mluiy8/uM3sGXHaRe73RrSIj01jow9t4kJEW633Ov+cOexXeiApTyAw=="],
  }
}
